{
  "object": {
    "pins": [
      {
        "package": "MightyCombine",
        "repositoryURL": "https://github.com/MightyCombine/MightyCombine.git",
        "state": {
          "branch": null,
          "revision": "64bdfe87fb601d430771ef4d1ab5629877885fa2",
          "version": "1.0.2"
        }
      }
    ]
  },
  "version": 1
}
