{
  "object": {
    "pins": [
      {
        "package": "MightyCombine",
        "repositoryURL": "https://github.com/MightyCombine/MightyCombine.git",
        "state": {
          "branch": null,
          "revision": "5cc8043d07fdc7174bbc48226a346500673ff5ba",
          "version": "1.1.4"
        }
      }
    ]
  },
  "version": 1
}
